
Microsoft Visual Studio Solution File, Format Version 12.00
# Visual Studio Version 16
VisualStudioVersion = 16.0.29926.136
MinimumVisualStudioVersion = 10.0.40219.1
Project("{FAE04EC0-301F-11D3-BF4B-00C04F79EFBC}") = "PictureBoxGame", "PictureBoxGame\PictureBoxGame.csproj", "{555E93A3-890E-4213-B361-EBB99D5922BA}"
EndProject
Global
	GlobalSection(SolutionConfigurationPlatforms) = preSolution
		Debug|Any CPU = Debug|Any CPU
		Release|Any CPU = Release|Any CPU
	EndGlobalSection
	GlobalSection(ProjectConfigurationPlatforms) = postSolution
		{555E93A3-890E-4213-B361-EBB99D5922BA}.Debug|Any CPU.ActiveCfg = Debug|Any CPU
		{555E93A3-890E-4213-B361-EBB99D5922BA}.Debug|Any CPU.Build.0 = Debug|Any CPU
		{555E93A3-890E-4213-B361-EBB99D5922BA}.Release|Any CPU.ActiveCfg = Release|Any CPU
		{555E93A3-890E-4213-B361-EBB99D5922BA}.Release|Any CPU.Build.0 = Release|Any CPU
	EndGlobalSection
	GlobalSection(SolutionProperties) = preSolution
		HideSolutionNode = FALSE
	EndGlobalSection
	GlobalSection(ExtensibilityGlobals) = postSolution
		SolutionGuid = {8D3A805B-0CC9-4235-81B7-02DDEF80C54D}
	EndGlobalSection
EndGlobal
